
Microsoft Visual Studio Solution File, Format Version 12.00
# Visual Studio 2013
VisualStudioVersion = 12.0.40629.0
MinimumVisualStudioVersion = 10.0.40219.1
Project("{FAE04EC0-301F-11D3-BF4B-00C04F79EFBC}") = "WebSocketGaugeServer_Common_Lib", "DefiSSMCOM_Common_Lib\WebSocketGaugeServer_Common_Lib.csproj", "{898D1578-B886-48F0-8A17-253548C67B3F}"
EndProject
Project("{FAE04EC0-301F-11D3-BF4B-00C04F79EFBC}") = "DefiCOM_WebSocket_Server", "DefiCOM_WebSocket_Server\DefiCOM_WebSocket_Server.csproj", "{C9466584-60DF-4E42-A8A4-95CAF8C01550}"
EndProject
Project("{FAE04EC0-301F-11D3-BF4B-00C04F79EFBC}") = "SSMCOM_WebSocket_Server", "SSMCOM_WebSocket_Server\SSMCOM_WebSocket_Server.csproj", "{C1975B6D-4B29-4955-807D-9DF795E8B434}"
EndProject
Project("{FAE04EC0-301F-11D3-BF4B-00C04F79EFBC}") = "FUELTRIP_Logger", "FUELTRIP_Logger\FUELTRIP_Logger.csproj", "{D3CE60E7-5AFF-4D1A-851E-B886DC7B67E1}"
EndProject
Project("{FAE04EC0-301F-11D3-BF4B-00C04F79EFBC}") = "ArduinoCOM_WebSocket_Server", "ArduinoCOM_WebSocket_Server\ArduinoCOM_WebSocket_Server.csproj", "{F1893B92-366C-46F5-96D9-FC26BE99740D}"
EndProject
Project("{FAE04EC0-301F-11D3-BF4B-00C04F79EFBC}") = "ELM327COM_WebSocket_Server", "ELM327COM_WebSocket_Server\ELM327COM_WebSocket_Server.csproj", "{7D43AFE5-3228-48F7-B44D-B4FAF70E5C02}"
EndProject
Project("{FAE04EC0-301F-11D3-BF4B-00C04F79EFBC}") = "AssettoCorsaSharedMemory", "AsettoCorsa_SharedMemory_Library\AssettoCorsaSharedMemory.csproj", "{020AF3ED-0A4C-4215-9B1D-1D41DD26F8BB}"
EndProject
Global
	GlobalSection(SolutionConfigurationPlatforms) = preSolution
		Debug_Distribution|Any CPU = Debug_Distribution|Any CPU
		Debug|Any CPU = Debug|Any CPU
		Release_Distribution|Any CPU = Release_Distribution|Any CPU
		Release|Any CPU = Release|Any CPU
	EndGlobalSection
	GlobalSection(ProjectConfigurationPlatforms) = postSolution
		{898D1578-B886-48F0-8A17-253548C67B3F}.Debug_Distribution|Any CPU.ActiveCfg = Debug_Distribution|Any CPU
		{898D1578-B886-48F0-8A17-253548C67B3F}.Debug_Distribution|Any CPU.Build.0 = Debug_Distribution|Any CPU
		{898D1578-B886-48F0-8A17-253548C67B3F}.Debug|Any CPU.ActiveCfg = Debug|Any CPU
		{898D1578-B886-48F0-8A17-253548C67B3F}.Debug|Any CPU.Build.0 = Debug|Any CPU
		{898D1578-B886-48F0-8A17-253548C67B3F}.Release_Distribution|Any CPU.ActiveCfg = Release_Distribution|Any CPU
		{898D1578-B886-48F0-8A17-253548C67B3F}.Release_Distribution|Any CPU.Build.0 = Release_Distribution|Any CPU
		{898D1578-B886-48F0-8A17-253548C67B3F}.Release|Any CPU.ActiveCfg = Release|Any CPU
		{898D1578-B886-48F0-8A17-253548C67B3F}.Release|Any CPU.Build.0 = Release|Any CPU
		{C9466584-60DF-4E42-A8A4-95CAF8C01550}.Debug_Distribution|Any CPU.ActiveCfg = Debug_Distribution|Any CPU
		{C9466584-60DF-4E42-A8A4-95CAF8C01550}.Debug_Distribution|Any CPU.Build.0 = Debug_Distribution|Any CPU
		{C9466584-60DF-4E42-A8A4-95CAF8C01550}.Debug|Any CPU.ActiveCfg = Debug|Any CPU
		{C9466584-60DF-4E42-A8A4-95CAF8C01550}.Debug|Any CPU.Build.0 = Debug|Any CPU
		{C9466584-60DF-4E42-A8A4-95CAF8C01550}.Release_Distribution|Any CPU.ActiveCfg = Release_Distribution|Any CPU
		{C9466584-60DF-4E42-A8A4-95CAF8C01550}.Release_Distribution|Any CPU.Build.0 = Release_Distribution|Any CPU
		{C9466584-60DF-4E42-A8A4-95CAF8C01550}.Release|Any CPU.ActiveCfg = Release|Any CPU
		{C9466584-60DF-4E42-A8A4-95CAF8C01550}.Release|Any CPU.Build.0 = Release|Any CPU
		{C1975B6D-4B29-4955-807D-9DF795E8B434}.Debug_Distribution|Any CPU.ActiveCfg = Debug_Distribution|Any CPU
		{C1975B6D-4B29-4955-807D-9DF795E8B434}.Debug_Distribution|Any CPU.Build.0 = Debug_Distribution|Any CPU
		{C1975B6D-4B29-4955-807D-9DF795E8B434}.Debug|Any CPU.ActiveCfg = Debug|Any CPU
		{C1975B6D-4B29-4955-807D-9DF795E8B434}.Debug|Any CPU.Build.0 = Debug|Any CPU
		{C1975B6D-4B29-4955-807D-9DF795E8B434}.Release_Distribution|Any CPU.ActiveCfg = Release_Distribution|Any CPU
		{C1975B6D-4B29-4955-807D-9DF795E8B434}.Release_Distribution|Any CPU.Build.0 = Release_Distribution|Any CPU
		{C1975B6D-4B29-4955-807D-9DF795E8B434}.Release|Any CPU.ActiveCfg = Release|Any CPU
		{C1975B6D-4B29-4955-807D-9DF795E8B434}.Release|Any CPU.Build.0 = Release|Any CPU
		{D3CE60E7-5AFF-4D1A-851E-B886DC7B67E1}.Debug_Distribution|Any CPU.ActiveCfg = Debug_Distribution|Any CPU
		{D3CE60E7-5AFF-4D1A-851E-B886DC7B67E1}.Debug_Distribution|Any CPU.Build.0 = Debug_Distribution|Any CPU
		{D3CE60E7-5AFF-4D1A-851E-B886DC7B67E1}.Debug|Any CPU.ActiveCfg = Debug|Any CPU
		{D3CE60E7-5AFF-4D1A-851E-B886DC7B67E1}.Debug|Any CPU.Build.0 = Debug|Any CPU
		{D3CE60E7-5AFF-4D1A-851E-B886DC7B67E1}.Release_Distribution|Any CPU.ActiveCfg = Release_Distribution|Any CPU
		{D3CE60E7-5AFF-4D1A-851E-B886DC7B67E1}.Release_Distribution|Any CPU.Build.0 = Release_Distribution|Any CPU
		{D3CE60E7-5AFF-4D1A-851E-B886DC7B67E1}.Release|Any CPU.ActiveCfg = Release|Any CPU
		{D3CE60E7-5AFF-4D1A-851E-B886DC7B67E1}.Release|Any CPU.Build.0 = Release|Any CPU
		{F1893B92-366C-46F5-96D9-FC26BE99740D}.Debug_Distribution|Any CPU.ActiveCfg = Debug_Distribution|Any CPU
		{F1893B92-366C-46F5-96D9-FC26BE99740D}.Debug_Distribution|Any CPU.Build.0 = Debug_Distribution|Any CPU
		{F1893B92-366C-46F5-96D9-FC26BE99740D}.Debug_Distribution|Any CPU.Deploy.0 = Debug_Distribution|Any CPU
		{F1893B92-366C-46F5-96D9-FC26BE99740D}.Debug|Any CPU.ActiveCfg = Debug|Any CPU
		{F1893B92-366C-46F5-96D9-FC26BE99740D}.Debug|Any CPU.Build.0 = Debug|Any CPU
		{F1893B92-366C-46F5-96D9-FC26BE99740D}.Release_Distribution|Any CPU.ActiveCfg = Release_Distribution|Any CPU
		{F1893B92-366C-46F5-96D9-FC26BE99740D}.Release_Distribution|Any CPU.Build.0 = Release_Distribution|Any CPU
		{F1893B92-366C-46F5-96D9-FC26BE99740D}.Release|Any CPU.ActiveCfg = Release|Any CPU
		{F1893B92-366C-46F5-96D9-FC26BE99740D}.Release|Any CPU.Build.0 = Release|Any CPU
		{7D43AFE5-3228-48F7-B44D-B4FAF70E5C02}.Debug_Distribution|Any CPU.ActiveCfg = Debug_Distribution|Any CPU
		{7D43AFE5-3228-48F7-B44D-B4FAF70E5C02}.Debug_Distribution|Any CPU.Build.0 = Debug_Distribution|Any CPU
		{7D43AFE5-3228-48F7-B44D-B4FAF70E5C02}.Debug|Any CPU.ActiveCfg = Debug|Any CPU
		{7D43AFE5-3228-48F7-B44D-B4FAF70E5C02}.Debug|Any CPU.Build.0 = Debug|Any CPU
		{7D43AFE5-3228-48F7-B44D-B4FAF70E5C02}.Release_Distribution|Any CPU.ActiveCfg = Release_Distribution|Any CPU
		{7D43AFE5-3228-48F7-B44D-B4FAF70E5C02}.Release_Distribution|Any CPU.Build.0 = Release_Distribution|Any CPU
		{7D43AFE5-3228-48F7-B44D-B4FAF70E5C02}.Release|Any CPU.ActiveCfg = Release|Any CPU
		{7D43AFE5-3228-48F7-B44D-B4FAF70E5C02}.Release|Any CPU.Build.0 = Release|Any CPU
		{020AF3ED-0A4C-4215-9B1D-1D41DD26F8BB}.Debug_Distribution|Any CPU.ActiveCfg = Debug|Any CPU
		{020AF3ED-0A4C-4215-9B1D-1D41DD26F8BB}.Debug_Distribution|Any CPU.Build.0 = Debug|Any CPU
		{020AF3ED-0A4C-4215-9B1D-1D41DD26F8BB}.Debug|Any CPU.ActiveCfg = Debug|Any CPU
		{020AF3ED-0A4C-4215-9B1D-1D41DD26F8BB}.Debug|Any CPU.Build.0 = Debug|Any CPU
		{020AF3ED-0A4C-4215-9B1D-1D41DD26F8BB}.Release_Distribution|Any CPU.ActiveCfg = Release|Any CPU
		{020AF3ED-0A4C-4215-9B1D-1D41DD26F8BB}.Release_Distribution|Any CPU.Build.0 = Release|Any CPU
		{020AF3ED-0A4C-4215-9B1D-1D41DD26F8BB}.Release|Any CPU.ActiveCfg = Release|Any CPU
		{020AF3ED-0A4C-4215-9B1D-1D41DD26F8BB}.Release|Any CPU.Build.0 = Release|Any CPU
	EndGlobalSection
	GlobalSection(SolutionProperties) = preSolution
		HideSolutionNode = FALSE
	EndGlobalSection
	GlobalSection(MonoDevelopProperties) = preSolution
		StartupItem = SSMCOM_WebSocket_Server\SSMCOM_WebSocket_Server.csproj
	EndGlobalSection
EndGlobal
