
Microsoft Visual Studio Solution File, Format Version 12.00
# Visual Studio 15
VisualStudioVersion = 15.0.26124.0
MinimumVisualStudioVersion = 15.0.26124.0
Project("{FAE04EC0-301F-11D3-BF4B-00C04F79EFBC}") = "AssettoCorsaSharedMem_WebSocket_Server", "AssettoCorsaSharedMem_WebSocket_Server\AssettoCorsaSharedMem_WebSocket_Server.csproj", "{B4D665F4-B446-41A3-86CD-554048ADC87F}"
EndProject
Project("{FAE04EC0-301F-11D3-BF4B-00C04F79EFBC}") = "DefiSSMCOM_Common_Lib", "DefiSSMCOM_Common_Lib\DefiSSMCOM_Common_Lib.csproj", "{C926789B-AD52-45AA-B784-293CAD474D33}"
EndProject
Project("{FAE04EC0-301F-11D3-BF4B-00C04F79EFBC}") = "DefiCOM_WebSocket_Server", "DefiCOM_WebSocket_Server\DefiCOM_WebSocket_Server.csproj", "{F134DE18-DE2F-42E4-A371-AF2099799F87}"
EndProject
Project("{FAE04EC0-301F-11D3-BF4B-00C04F79EFBC}") = "SSMCOM_WebSocket_Server", "SSMCOM_WebSocket_Server\SSMCOM_WebSocket_Server.csproj", "{7A4254F8-8628-460C-AAAF-DBEEB889F232}"
EndProject
Project("{FAE04EC0-301F-11D3-BF4B-00C04F79EFBC}") = "ArduinoCOM_WebSocket_Server", "ArduinoCOM_WebSocket_Server\ArduinoCOM_WebSocket_Server.csproj", "{E7D8B83E-B049-43FB-8DFB-52215A0A4CF2}"
EndProject
Project("{FAE04EC0-301F-11D3-BF4B-00C04F79EFBC}") = "ELM327COM_WebSocket_Server", "ELM327COM_WebSocket_Server\ELM327COM_WebSocket_Server.csproj", "{2BFA5AC9-4252-4FA2-95B3-ECAFBB1E936E}"
EndProject
Project("{FAE04EC0-301F-11D3-BF4B-00C04F79EFBC}") = "FUELTRIP_Logger", "FUELTRIP_Logger\FUELTRIP_Logger.csproj", "{B9711A1A-1D42-46DB-B768-10F5BBB874C1}"
EndProject
Project("{FAE04EC0-301F-11D3-BF4B-00C04F79EFBC}") = "AsettoCorsa_SharedMemory_Library", "AsettoCorsa_SharedMemory_Library\AsettoCorsa_SharedMemory_Library.csproj", "{D445C5E6-6F5F-4555-8A52-7237B86CFE8F}"
EndProject
Global
	GlobalSection(SolutionConfigurationPlatforms) = preSolution
		Debug|Any CPU = Debug|Any CPU
		Debug|x64 = Debug|x64
		Debug|x86 = Debug|x86
		Release|Any CPU = Release|Any CPU
		Release|x64 = Release|x64
		Release|x86 = Release|x86
	EndGlobalSection
	GlobalSection(SolutionProperties) = preSolution
		HideSolutionNode = FALSE
	EndGlobalSection
	GlobalSection(ProjectConfigurationPlatforms) = postSolution
		{B4D665F4-B446-41A3-86CD-554048ADC87F}.Debug|Any CPU.ActiveCfg = Debug|Any CPU
		{B4D665F4-B446-41A3-86CD-554048ADC87F}.Debug|Any CPU.Build.0 = Debug|Any CPU
		{B4D665F4-B446-41A3-86CD-554048ADC87F}.Debug|x64.ActiveCfg = Debug|Any CPU
		{B4D665F4-B446-41A3-86CD-554048ADC87F}.Debug|x64.Build.0 = Debug|Any CPU
		{B4D665F4-B446-41A3-86CD-554048ADC87F}.Debug|x86.ActiveCfg = Debug|Any CPU
		{B4D665F4-B446-41A3-86CD-554048ADC87F}.Debug|x86.Build.0 = Debug|Any CPU
		{B4D665F4-B446-41A3-86CD-554048ADC87F}.Release|Any CPU.ActiveCfg = Release|Any CPU
		{B4D665F4-B446-41A3-86CD-554048ADC87F}.Release|Any CPU.Build.0 = Release|Any CPU
		{B4D665F4-B446-41A3-86CD-554048ADC87F}.Release|x64.ActiveCfg = Release|Any CPU
		{B4D665F4-B446-41A3-86CD-554048ADC87F}.Release|x64.Build.0 = Release|Any CPU
		{B4D665F4-B446-41A3-86CD-554048ADC87F}.Release|x86.ActiveCfg = Release|Any CPU
		{B4D665F4-B446-41A3-86CD-554048ADC87F}.Release|x86.Build.0 = Release|Any CPU
		{C926789B-AD52-45AA-B784-293CAD474D33}.Debug|Any CPU.ActiveCfg = Debug|Any CPU
		{C926789B-AD52-45AA-B784-293CAD474D33}.Debug|Any CPU.Build.0 = Debug|Any CPU
		{C926789B-AD52-45AA-B784-293CAD474D33}.Debug|x64.ActiveCfg = Debug|Any CPU
		{C926789B-AD52-45AA-B784-293CAD474D33}.Debug|x64.Build.0 = Debug|Any CPU
		{C926789B-AD52-45AA-B784-293CAD474D33}.Debug|x86.ActiveCfg = Debug|Any CPU
		{C926789B-AD52-45AA-B784-293CAD474D33}.Debug|x86.Build.0 = Debug|Any CPU
		{C926789B-AD52-45AA-B784-293CAD474D33}.Release|Any CPU.ActiveCfg = Release|Any CPU
		{C926789B-AD52-45AA-B784-293CAD474D33}.Release|Any CPU.Build.0 = Release|Any CPU
		{C926789B-AD52-45AA-B784-293CAD474D33}.Release|x64.ActiveCfg = Release|Any CPU
		{C926789B-AD52-45AA-B784-293CAD474D33}.Release|x64.Build.0 = Release|Any CPU
		{C926789B-AD52-45AA-B784-293CAD474D33}.Release|x86.ActiveCfg = Release|Any CPU
		{C926789B-AD52-45AA-B784-293CAD474D33}.Release|x86.Build.0 = Release|Any CPU
		{F134DE18-DE2F-42E4-A371-AF2099799F87}.Debug|Any CPU.ActiveCfg = Debug|Any CPU
		{F134DE18-DE2F-42E4-A371-AF2099799F87}.Debug|Any CPU.Build.0 = Debug|Any CPU
		{F134DE18-DE2F-42E4-A371-AF2099799F87}.Debug|x64.ActiveCfg = Debug|Any CPU
		{F134DE18-DE2F-42E4-A371-AF2099799F87}.Debug|x64.Build.0 = Debug|Any CPU
		{F134DE18-DE2F-42E4-A371-AF2099799F87}.Debug|x86.ActiveCfg = Debug|Any CPU
		{F134DE18-DE2F-42E4-A371-AF2099799F87}.Debug|x86.Build.0 = Debug|Any CPU
		{F134DE18-DE2F-42E4-A371-AF2099799F87}.Release|Any CPU.ActiveCfg = Release|Any CPU
		{F134DE18-DE2F-42E4-A371-AF2099799F87}.Release|Any CPU.Build.0 = Release|Any CPU
		{F134DE18-DE2F-42E4-A371-AF2099799F87}.Release|x64.ActiveCfg = Release|Any CPU
		{F134DE18-DE2F-42E4-A371-AF2099799F87}.Release|x64.Build.0 = Release|Any CPU
		{F134DE18-DE2F-42E4-A371-AF2099799F87}.Release|x86.ActiveCfg = Release|Any CPU
		{F134DE18-DE2F-42E4-A371-AF2099799F87}.Release|x86.Build.0 = Release|Any CPU
		{7A4254F8-8628-460C-AAAF-DBEEB889F232}.Debug|Any CPU.ActiveCfg = Debug|Any CPU
		{7A4254F8-8628-460C-AAAF-DBEEB889F232}.Debug|Any CPU.Build.0 = Debug|Any CPU
		{7A4254F8-8628-460C-AAAF-DBEEB889F232}.Debug|x64.ActiveCfg = Debug|Any CPU
		{7A4254F8-8628-460C-AAAF-DBEEB889F232}.Debug|x64.Build.0 = Debug|Any CPU
		{7A4254F8-8628-460C-AAAF-DBEEB889F232}.Debug|x86.ActiveCfg = Debug|Any CPU
		{7A4254F8-8628-460C-AAAF-DBEEB889F232}.Debug|x86.Build.0 = Debug|Any CPU
		{7A4254F8-8628-460C-AAAF-DBEEB889F232}.Release|Any CPU.ActiveCfg = Release|Any CPU
		{7A4254F8-8628-460C-AAAF-DBEEB889F232}.Release|Any CPU.Build.0 = Release|Any CPU
		{7A4254F8-8628-460C-AAAF-DBEEB889F232}.Release|x64.ActiveCfg = Release|Any CPU
		{7A4254F8-8628-460C-AAAF-DBEEB889F232}.Release|x64.Build.0 = Release|Any CPU
		{7A4254F8-8628-460C-AAAF-DBEEB889F232}.Release|x86.ActiveCfg = Release|Any CPU
		{7A4254F8-8628-460C-AAAF-DBEEB889F232}.Release|x86.Build.0 = Release|Any CPU
		{E7D8B83E-B049-43FB-8DFB-52215A0A4CF2}.Debug|Any CPU.ActiveCfg = Debug|Any CPU
		{E7D8B83E-B049-43FB-8DFB-52215A0A4CF2}.Debug|Any CPU.Build.0 = Debug|Any CPU
		{E7D8B83E-B049-43FB-8DFB-52215A0A4CF2}.Debug|x64.ActiveCfg = Debug|Any CPU
		{E7D8B83E-B049-43FB-8DFB-52215A0A4CF2}.Debug|x64.Build.0 = Debug|Any CPU
		{E7D8B83E-B049-43FB-8DFB-52215A0A4CF2}.Debug|x86.ActiveCfg = Debug|Any CPU
		{E7D8B83E-B049-43FB-8DFB-52215A0A4CF2}.Debug|x86.Build.0 = Debug|Any CPU
		{E7D8B83E-B049-43FB-8DFB-52215A0A4CF2}.Release|Any CPU.ActiveCfg = Release|Any CPU
		{E7D8B83E-B049-43FB-8DFB-52215A0A4CF2}.Release|Any CPU.Build.0 = Release|Any CPU
		{E7D8B83E-B049-43FB-8DFB-52215A0A4CF2}.Release|x64.ActiveCfg = Release|Any CPU
		{E7D8B83E-B049-43FB-8DFB-52215A0A4CF2}.Release|x64.Build.0 = Release|Any CPU
		{E7D8B83E-B049-43FB-8DFB-52215A0A4CF2}.Release|x86.ActiveCfg = Release|Any CPU
		{E7D8B83E-B049-43FB-8DFB-52215A0A4CF2}.Release|x86.Build.0 = Release|Any CPU
		{2BFA5AC9-4252-4FA2-95B3-ECAFBB1E936E}.Debug|Any CPU.ActiveCfg = Debug|Any CPU
		{2BFA5AC9-4252-4FA2-95B3-ECAFBB1E936E}.Debug|Any CPU.Build.0 = Debug|Any CPU
		{2BFA5AC9-4252-4FA2-95B3-ECAFBB1E936E}.Debug|x64.ActiveCfg = Debug|Any CPU
		{2BFA5AC9-4252-4FA2-95B3-ECAFBB1E936E}.Debug|x64.Build.0 = Debug|Any CPU
		{2BFA5AC9-4252-4FA2-95B3-ECAFBB1E936E}.Debug|x86.ActiveCfg = Debug|Any CPU
		{2BFA5AC9-4252-4FA2-95B3-ECAFBB1E936E}.Debug|x86.Build.0 = Debug|Any CPU
		{2BFA5AC9-4252-4FA2-95B3-ECAFBB1E936E}.Release|Any CPU.ActiveCfg = Release|Any CPU
		{2BFA5AC9-4252-4FA2-95B3-ECAFBB1E936E}.Release|Any CPU.Build.0 = Release|Any CPU
		{2BFA5AC9-4252-4FA2-95B3-ECAFBB1E936E}.Release|x64.ActiveCfg = Release|Any CPU
		{2BFA5AC9-4252-4FA2-95B3-ECAFBB1E936E}.Release|x64.Build.0 = Release|Any CPU
		{2BFA5AC9-4252-4FA2-95B3-ECAFBB1E936E}.Release|x86.ActiveCfg = Release|Any CPU
		{2BFA5AC9-4252-4FA2-95B3-ECAFBB1E936E}.Release|x86.Build.0 = Release|Any CPU
		{B9711A1A-1D42-46DB-B768-10F5BBB874C1}.Debug|Any CPU.ActiveCfg = Debug|Any CPU
		{B9711A1A-1D42-46DB-B768-10F5BBB874C1}.Debug|Any CPU.Build.0 = Debug|Any CPU
		{B9711A1A-1D42-46DB-B768-10F5BBB874C1}.Debug|x64.ActiveCfg = Debug|Any CPU
		{B9711A1A-1D42-46DB-B768-10F5BBB874C1}.Debug|x64.Build.0 = Debug|Any CPU
		{B9711A1A-1D42-46DB-B768-10F5BBB874C1}.Debug|x86.ActiveCfg = Debug|Any CPU
		{B9711A1A-1D42-46DB-B768-10F5BBB874C1}.Debug|x86.Build.0 = Debug|Any CPU
		{B9711A1A-1D42-46DB-B768-10F5BBB874C1}.Release|Any CPU.ActiveCfg = Release|Any CPU
		{B9711A1A-1D42-46DB-B768-10F5BBB874C1}.Release|Any CPU.Build.0 = Release|Any CPU
		{B9711A1A-1D42-46DB-B768-10F5BBB874C1}.Release|x64.ActiveCfg = Release|Any CPU
		{B9711A1A-1D42-46DB-B768-10F5BBB874C1}.Release|x64.Build.0 = Release|Any CPU
		{B9711A1A-1D42-46DB-B768-10F5BBB874C1}.Release|x86.ActiveCfg = Release|Any CPU
		{B9711A1A-1D42-46DB-B768-10F5BBB874C1}.Release|x86.Build.0 = Release|Any CPU
		{D445C5E6-6F5F-4555-8A52-7237B86CFE8F}.Debug|Any CPU.ActiveCfg = Debug|Any CPU
		{D445C5E6-6F5F-4555-8A52-7237B86CFE8F}.Debug|Any CPU.Build.0 = Debug|Any CPU
		{D445C5E6-6F5F-4555-8A52-7237B86CFE8F}.Debug|x64.ActiveCfg = Debug|Any CPU
		{D445C5E6-6F5F-4555-8A52-7237B86CFE8F}.Debug|x64.Build.0 = Debug|Any CPU
		{D445C5E6-6F5F-4555-8A52-7237B86CFE8F}.Debug|x86.ActiveCfg = Debug|Any CPU
		{D445C5E6-6F5F-4555-8A52-7237B86CFE8F}.Debug|x86.Build.0 = Debug|Any CPU
		{D445C5E6-6F5F-4555-8A52-7237B86CFE8F}.Release|Any CPU.ActiveCfg = Release|Any CPU
		{D445C5E6-6F5F-4555-8A52-7237B86CFE8F}.Release|Any CPU.Build.0 = Release|Any CPU
		{D445C5E6-6F5F-4555-8A52-7237B86CFE8F}.Release|x64.ActiveCfg = Release|Any CPU
		{D445C5E6-6F5F-4555-8A52-7237B86CFE8F}.Release|x64.Build.0 = Release|Any CPU
		{D445C5E6-6F5F-4555-8A52-7237B86CFE8F}.Release|x86.ActiveCfg = Release|Any CPU
		{D445C5E6-6F5F-4555-8A52-7237B86CFE8F}.Release|x86.Build.0 = Release|Any CPU
	EndGlobalSection
EndGlobal
